// !$*UTF8*$!
{
	archiveVersion = 1;
	classes = {
	};
	objectVersion = 55;
	objects = {

/* Begin PBXBuildFile section */
		4A9765A12748B42A002190C0 /* AppDelegate.swift in Sources */ = {isa = PBXBuildFile; fileRef = 4A9765A02748B42A002190C0 /* AppDelegate.swift */; };
		4A9765A32748B42A002190C0 /* SceneDelegate.swift in Sources */ = {isa = PBXBuildFile; fileRef = 4A9765A22748B42A002190C0 /* SceneDelegate.swift */; };
		4A9765AA2748B42B002190C0 /* Assets.xcassets in Resources */ = {isa = PBXBuildFile; fileRef = 4A9765A92748B42B002190C0 /* Assets.xcassets */; };
		4A9765AD2748B42B002190C0 /* LaunchScreen.storyboard in Resources */ = {isa = PBXBuildFile; fileRef = 4A9765AB2748B42B002190C0 /* LaunchScreen.storyboard */; };
		4A9765D82748B4ED002190C0 /* GoogleService-Info.plist in Resources */ = {isa = PBXBuildFile; fileRef = 4A9765D72748B4ED002190C0 /* GoogleService-Info.plist */; };
		4A9765DA2748B57C002190C0 /* MainVC.swift in Sources */ = {isa = PBXBuildFile; fileRef = 4A9765D92748B57C002190C0 /* MainVC.swift */; };
		4A9765DD2748B66B002190C0 /* FirebaseFirestore in Frameworks */ = {isa = PBXBuildFile; productRef = 4A9765DC2748B66B002190C0 /* FirebaseFirestore */; };
		4A9765DF2748B66B002190C0 /* FirebaseFirestoreSwift-Beta in Frameworks */ = {isa = PBXBuildFile; productRef = 4A9765DE2748B66B002190C0 /* FirebaseFirestoreSwift-Beta */; };
		4A9765E12748B76E002190C0 /* MyFirestore.swift in Sources */ = {isa = PBXBuildFile; fileRef = 4A9765E02748B76E002190C0 /* MyFirestore.swift */; };
		4A9765E42748B7D2002190C0 /* FirestoreError.swift in Sources */ = {isa = PBXBuildFile; fileRef = 4A9765E32748B7D2002190C0 /* FirestoreError.swift */; };
		4A9765E62748BAAF002190C0 /* Message.swift in Sources */ = {isa = PBXBuildFile; fileRef = 4A9765E52748BAAF002190C0 /* Message.swift */; };
		4A9765E82748BAF1002190C0 /* Encodable.swift in Sources */ = {isa = PBXBuildFile; fileRef = 4A9765E72748BAF1002190C0 /* Encodable.swift */; };
/* End PBXBuildFile section */

/* Begin PBXContainerItemProxy section */
		4A9765B42748B42B002190C0 /* PBXContainerItemProxy */ = {
			isa = PBXContainerItemProxy;
			containerPortal = 4A9765952748B42A002190C0 /* Project object */;
			proxyType = 1;
			remoteGlobalIDString = 4A97659C2748B42A002190C0;
			remoteInfo = ExFirestore;
		};
		4A9765BE2748B42B002190C0 /* PBXContainerItemProxy */ = {
			isa = PBXContainerItemProxy;
			containerPortal = 4A9765952748B42A002190C0 /* Project object */;
			proxyType = 1;
			remoteGlobalIDString = 4A97659C2748B42A002190C0;
			remoteInfo = ExFirestore;
		};
/* End PBXContainerItemProxy section */

/* Begin PBXFileReference section */
		4A97659D2748B42A002190C0 /* ExFirestore.app */ = {isa = PBXFileReference; explicitFileType = wrapper.application; includeInIndex = 0; path = ExFirestore.app; sourceTree = BUILT_PRODUCTS_DIR; };
		4A9765A02748B42A002190C0 /* AppDelegate.swift */ = {isa = PBXFileReference; lastKnownFileType = sourcecode.swift; path = AppDelegate.swift; sourceTree = "<group>"; };
		4A9765A22748B42A002190C0 /* SceneDelegate.swift */ = {isa = PBXFileReference; lastKnownFileType = sourcecode.swift; path = SceneDelegate.swift; sourceTree = "<group>"; };
		4A9765A92748B42B002190C0 /* Assets.xcassets */ = {isa = PBXFileReference; lastKnownFileType = folder.assetcatalog; path = Assets.xcassets; sourceTree = "<group>"; };
		4A9765AC2748B42B002190C0 /* Base */ = {isa = PBXFileReference; lastKnownFileType = file.storyboard; name = Base; path = Base.lproj/LaunchScreen.storyboard; sourceTree = "<group>"; };
		4A9765AE2748B42B002190C0 /* Info.plist */ = {isa = PBXFileReference; lastKnownFileType = text.plist.xml; path = Info.plist; sourceTree = "<group>"; };
		4A9765B32748B42B002190C0 /* ExFirestoreTests.xctest */ = {isa = PBXFileReference; explicitFileType = wrapper.cfbundle; includeInIndex = 0; path = ExFirestoreTests.xctest; sourceTree = BUILT_PRODUCTS_DIR; };
		4A9765BD2748B42B002190C0 /* ExFirestoreUITests.xctest */ = {isa = PBXFileReference; explicitFileType = wrapper.cfbundle; includeInIndex = 0; path = ExFirestoreUITests.xctest; sourceTree = BUILT_PRODUCTS_DIR; };
		4A9765D72748B4ED002190C0 /* GoogleService-Info.plist */ = {isa = PBXFileReference; fileEncoding = 4; lastKnownFileType = text.plist.xml; path = "GoogleService-Info.plist"; sourceTree = "<group>"; };
		4A9765D92748B57C002190C0 /* MainVC.swift */ = {isa = PBXFileReference; lastKnownFileType = sourcecode.swift; path = MainVC.swift; sourceTree = "<group>"; };
		4A9765E02748B76E002190C0 /* MyFirestore.swift */ = {isa = PBXFileReference; lastKnownFileType = sourcecode.swift; path = MyFirestore.swift; sourceTree = "<group>"; };
		4A9765E32748B7D2002190C0 /* FirestoreError.swift */ = {isa = PBXFileReference; lastKnownFileType = sourcecode.swift; path = FirestoreError.swift; sourceTree = "<group>"; };
		4A9765E52748BAAF002190C0 /* Message.swift */ = {isa = PBXFileReference; lastKnownFileType = sourcecode.swift; path = Message.swift; sourceTree = "<group>"; };
		4A9765E72748BAF1002190C0 /* Encodable.swift */ = {isa = PBXFileReference; lastKnownFileType = sourcecode.swift; path = Encodable.swift; sourceTree = "<group>"; };
/* End PBXFileReference section */

/* Begin PBXFrameworksBuildPhase section */
		4A97659A2748B42A002190C0 /* Frameworks */ = {
			isa = PBXFrameworksBuildPhase;
			buildActionMask = 2147483647;
			files = (
				4A9765DD2748B66B002190C0 /* FirebaseFirestore in Frameworks */,
				4A9765DF2748B66B002190C0 /* FirebaseFirestoreSwift-Beta in Frameworks */,
			);
			runOnlyForDeploymentPostprocessing = 0;
		};
		4A9765B02748B42B002190C0 /* Frameworks */ = {
			isa = PBXFrameworksBuildPhase;
			buildActionMask = 2147483647;
			files = (
			);
			runOnlyForDeploymentPostprocessing = 0;
		};
		4A9765BA2748B42B002190C0 /* Frameworks */ = {
			isa = PBXFrameworksBuildPhase;
			buildActionMask = 2147483647;
			files = (
			);
			runOnlyForDeploymentPostprocessing = 0;
		};
/* End PBXFrameworksBuildPhase section */

/* Begin PBXGroup section */
		4A9765942748B42A002190C0 = {
			isa = PBXGroup;
			children = (
				4A97659F2748B42A002190C0 /* ExFirestore */,
				4A97659E2748B42A002190C0 /* Products */,
			);
			sourceTree = "<group>";
		};
		4A97659E2748B42A002190C0 /* Products */ = {
			isa = PBXGroup;
			children = (
				4A97659D2748B42A002190C0 /* ExFirestore.app */,
				4A9765B32748B42B002190C0 /* ExFirestoreTests.xctest */,
				4A9765BD2748B42B002190C0 /* ExFirestoreUITests.xctest */,
			);
			name = Products;
			sourceTree = "<group>";
		};
		4A97659F2748B42A002190C0 /* ExFirestore */ = {
			isa = PBXGroup;
			children = (
				4A9765D52748B441002190C0 /* Component */,
				4A9765D42748B43F002190C0 /* App */,
				4A9765D32748B43B002190C0 /* Resource */,
				4A9765D22748B433002190C0 /* Model */,
				4A9765D12748B432002190C0 /* View */,
				4A9765D02748B430002190C0 /* Controller */,
			);
			path = ExFirestore;
			sourceTree = "<group>";
		};
		4A9765D02748B430002190C0 /* Controller */ = {
			isa = PBXGroup;
			children = (
				4A9765D92748B57C002190C0 /* MainVC.swift */,
			);
			path = Controller;
			sourceTree = "<group>";
		};
		4A9765D12748B432002190C0 /* View */ = {
			isa = PBXGroup;
			children = (
			);
			path = View;
			sourceTree = "<group>";
		};
		4A9765D22748B433002190C0 /* Model */ = {
			isa = PBXGroup;
			children = (
			);
			path = Model;
			sourceTree = "<group>";
		};
		4A9765D32748B43B002190C0 /* Resource */ = {
			isa = PBXGroup;
			children = (
				4A9765D72748B4ED002190C0 /* GoogleService-Info.plist */,
				4A9765A92748B42B002190C0 /* Assets.xcassets */,
				4A9765AB2748B42B002190C0 /* LaunchScreen.storyboard */,
				4A9765AE2748B42B002190C0 /* Info.plist */,
			);
			path = Resource;
			sourceTree = "<group>";
		};
		4A9765D42748B43F002190C0 /* App */ = {
			isa = PBXGroup;
			children = (
				4A9765A22748B42A002190C0 /* SceneDelegate.swift */,
				4A9765A02748B42A002190C0 /* AppDelegate.swift */,
			);
			path = App;
			sourceTree = "<group>";
		};
		4A9765D52748B441002190C0 /* Component */ = {
			isa = PBXGroup;
			children = (
				4A9765E22748B7C9002190C0 /* Model */,
				4A9765D62748B445002190C0 /* Extension */,
				4A9765E02748B76E002190C0 /* MyFirestore.swift */,
			);
			path = Component;
			sourceTree = "<group>";
		};
		4A9765D62748B445002190C0 /* Extension */ = {
			isa = PBXGroup;
			children = (
				4A9765E72748BAF1002190C0 /* Encodable.swift */,
			);
			path = Extension;
			sourceTree = "<group>";
		};
		4A9765E22748B7C9002190C0 /* Model */ = {
			isa = PBXGroup;
			children = (
				4A9765E32748B7D2002190C0 /* FirestoreError.swift */,
				4A9765E52748BAAF002190C0 /* Message.swift */,
			);
			path = Model;
			sourceTree = "<group>";
		};
/* End PBXGroup section */

/* Begin PBXNativeTarget section */
		4A97659C2748B42A002190C0 /* ExFirestore */ = {
			isa = PBXNativeTarget;
			buildConfigurationList = 4A9765C72748B42B002190C0 /* Build configuration list for PBXNativeTarget "ExFirestore" */;
			buildPhases = (
				4A9765992748B42A002190C0 /* Sources */,
				4A97659A2748B42A002190C0 /* Frameworks */,
				4A97659B2748B42A002190C0 /* Resources */,
			);
			buildRules = (
			);
			dependencies = (
			);
			name = ExFirestore;
			packageProductDependencies = (
				4A9765DC2748B66B002190C0 /* FirebaseFirestore */,
				4A9765DE2748B66B002190C0 /* FirebaseFirestoreSwift-Beta */,
			);
			productName = ExFirestore;
			productReference = 4A97659D2748B42A002190C0 /* ExFirestore.app */;
			productType = "com.apple.product-type.application";
		};
		4A9765B22748B42B002190C0 /* ExFirestoreTests */ = {
			isa = PBXNativeTarget;
			buildConfigurationList = 4A9765CA2748B42B002190C0 /* Build configuration list for PBXNativeTarget "ExFirestoreTests" */;
			buildPhases = (
				4A9765AF2748B42B002190C0 /* Sources */,
				4A9765B02748B42B002190C0 /* Frameworks */,
				4A9765B12748B42B002190C0 /* Resources */,
			);
			buildRules = (
			);
			dependencies = (
				4A9765B52748B42B002190C0 /* PBXTargetDependency */,
			);
			name = ExFirestoreTests;
			productName = ExFirestoreTests;
			productReference = 4A9765B32748B42B002190C0 /* ExFirestoreTests.xctest */;
			productType = "com.apple.product-type.bundle.unit-test";
		};
		4A9765BC2748B42B002190C0 /* ExFirestoreUITests */ = {
			isa = PBXNativeTarget;
			buildConfigurationList = 4A9765CD2748B42B002190C0 /* Build configuration list for PBXNativeTarget "ExFirestoreUITests" */;
			buildPhases = (
				4A9765B92748B42B002190C0 /* Sources */,
				4A9765BA2748B42B002190C0 /* Frameworks */,
				4A9765BB2748B42B002190C0 /* Resources */,
			);
			buildRules = (
			);
			dependencies = (
				4A9765BF2748B42B002190C0 /* PBXTargetDependency */,
			);
			name = ExFirestoreUITests;
			productName = ExFirestoreUITests;
			productReference = 4A9765BD2748B42B002190C0 /* ExFirestoreUITests.xctest */;
			productType = "com.apple.product-type.bundle.ui-testing";
		};
/* End PBXNativeTarget section */

/* Begin PBXProject section */
		4A9765952748B42A002190C0 /* Project object */ = {
			isa = PBXProject;
			attributes = {
				BuildIndependentTargetsInParallel = 1;
				LastSwiftUpdateCheck = 1310;
				LastUpgradeCheck = 1310;
				TargetAttributes = {
					4A97659C2748B42A002190C0 = {
						CreatedOnToolsVersion = 13.1;
					};
					4A9765B22748B42B002190C0 = {
						CreatedOnToolsVersion = 13.1;
						TestTargetID = 4A97659C2748B42A002190C0;
					};
					4A9765BC2748B42B002190C0 = {
						CreatedOnToolsVersion = 13.1;
						TestTargetID = 4A97659C2748B42A002190C0;
					};
				};
			};
			buildConfigurationList = 4A9765982748B42A002190C0 /* Build configuration list for PBXProject "ExFirestore" */;
			compatibilityVersion = "Xcode 13.0";
			developmentRegion = en;
			hasScannedForEncodings = 0;
			knownRegions = (
				en,
				Base,
			);
			mainGroup = 4A9765942748B42A002190C0;
			packageReferences = (
				4A9765DB2748B66B002190C0 /* XCRemoteSwiftPackageReference "firebase-ios-sdk" */,
			);
			productRefGroup = 4A97659E2748B42A002190C0 /* Products */;
			projectDirPath = "";
			projectRoot = "";
			targets = (
				4A97659C2748B42A002190C0 /* ExFirestore */,
				4A9765B22748B42B002190C0 /* ExFirestoreTests */,
				4A9765BC2748B42B002190C0 /* ExFirestoreUITests */,
			);
		};
/* End PBXProject section */

/* Begin PBXResourcesBuildPhase section */
		4A97659B2748B42A002190C0 /* Resources */ = {
			isa = PBXResourcesBuildPhase;
			buildActionMask = 2147483647;
			files = (
				4A9765AD2748B42B002190C0 /* LaunchScreen.storyboard in Resources */,
				4A9765AA2748B42B002190C0 /* Assets.xcassets in Resources */,
				4A9765D82748B4ED002190C0 /* GoogleService-Info.plist in Resources */,
			);
			runOnlyForDeploymentPostprocessing = 0;
		};
		4A9765B12748B42B002190C0 /* Resources */ = {
			isa = PBXResourcesBuildPhase;
			buildActionMask = 2147483647;
			files = (
			);
			runOnlyForDeploymentPostprocessing = 0;
		};
		4A9765BB2748B42B002190C0 /* Resources */ = {
			isa = PBXResourcesBuildPhase;
			buildActionMask = 2147483647;
			files = (
			);
			runOnlyForDeploymentPostprocessing = 0;
		};
/* End PBXResourcesBuildPhase section */

/* Begin PBXSourcesBuildPhase section */
		4A9765992748B42A002190C0 /* Sources */ = {
			isa = PBXSourcesBuildPhase;
			buildActionMask = 2147483647;
			files = (
				4A9765A12748B42A002190C0 /* AppDelegate.swift in Sources */,
				4A9765E82748BAF1002190C0 /* Encodable.swift in Sources */,
				4A9765DA2748B57C002190C0 /* MainVC.swift in Sources */,
				4A9765A32748B42A002190C0 /* SceneDelegate.swift in Sources */,
				4A9765E62748BAAF002190C0 /* Message.swift in Sources */,
				4A9765E42748B7D2002190C0 /* FirestoreError.swift in Sources */,
				4A9765E12748B76E002190C0 /* MyFirestore.swift in Sources */,
			);
			runOnlyForDeploymentPostprocessing = 0;
		};
		4A9765AF2748B42B002190C0 /* Sources */ = {
			isa = PBXSourcesBuildPhase;
			buildActionMask = 2147483647;
			files = (
			);
			runOnlyForDeploymentPostprocessing = 0;
		};
		4A9765B92748B42B002190C0 /* Sources */ = {
			isa = PBXSourcesBuildPhase;
			buildActionMask = 2147483647;
			files = (
			);
			runOnlyForDeploymentPostprocessing = 0;
		};
/* End PBXSourcesBuildPhase section */

/* Begin PBXTargetDependency section */
		4A9765B52748B42B002190C0 /* PBXTargetDependency */ = {
			isa = PBXTargetDependency;
			target = 4A97659C2748B42A002190C0 /* ExFirestore */;
			targetProxy = 4A9765B42748B42B002190C0 /* PBXContainerItemProxy */;
		};
		4A9765BF2748B42B002190C0 /* PBXTargetDependency */ = {
			isa = PBXTargetDependency;
			target = 4A97659C2748B42A002190C0 /* ExFirestore */;
			targetProxy = 4A9765BE2748B42B002190C0 /* PBXContainerItemProxy */;
		};
/* End PBXTargetDependency section */

/* Begin PBXVariantGroup section */
		4A9765AB2748B42B002190C0 /* LaunchScreen.storyboard */ = {
			isa = PBXVariantGroup;
			children = (
				4A9765AC2748B42B002190C0 /* Base */,
			);
			name = LaunchScreen.storyboard;
			sourceTree = "<group>";
		};
/* End PBXVariantGroup section */

/* Begin XCBuildConfiguration section */
		4A9765C52748B42B002190C0 /* Debug */ = {
			isa = XCBuildConfiguration;
			buildSettings = {
				ALWAYS_SEARCH_USER_PATHS = NO;
				CLANG_ANALYZER_NONNULL = YES;
				CLANG_ANALYZER_NUMBER_OBJECT_CONVERSION = YES_AGGRESSIVE;
				CLANG_CXX_LANGUAGE_STANDARD = "gnu++17";
				CLANG_CXX_LIBRARY = "libc++";
				CLANG_ENABLE_MODULES = YES;
				CLANG_ENABLE_OBJC_ARC = YES;
				CLANG_ENABLE_OBJC_WEAK = YES;
				CLANG_WARN_BLOCK_CAPTURE_AUTORELEASING = YES;
				CLANG_WARN_BOOL_CONVERSION = YES;
				CLANG_WARN_COMMA = YES;
				CLANG_WARN_CONSTANT_CONVERSION = YES;
				CLANG_WARN_DEPRECATED_OBJC_IMPLEMENTATIONS = YES;
				CLANG_WARN_DIRECT_OBJC_ISA_USAGE = YES_ERROR;
				CLANG_WARN_DOCUMENTATION_COMMENTS = YES;
				CLANG_WARN_EMPTY_BODY = YES;
				CLANG_WARN_ENUM_CONVERSION = YES;
				CLANG_WARN_INFINITE_RECURSION = YES;
				CLANG_WARN_INT_CONVERSION = YES;
				CLANG_WARN_NON_LITERAL_NULL_CONVERSION = YES;
				CLANG_WARN_OBJC_IMPLICIT_RETAIN_SELF = YES;
				CLANG_WARN_OBJC_LITERAL_CONVERSION = YES;
				CLANG_WARN_OBJC_ROOT_CLASS = YES_ERROR;
				CLANG_WARN_QUOTED_INCLUDE_IN_FRAMEWORK_HEADER = YES;
				CLANG_WARN_RANGE_LOOP_ANALYSIS = YES;
				CLANG_WARN_STRICT_PROTOTYPES = YES;
				CLANG_WARN_SUSPICIOUS_MOVE = YES;
				CLANG_WARN_UNGUARDED_AVAILABILITY = YES_AGGRESSIVE;
				CLANG_WARN_UNREACHABLE_CODE = YES;
				CLANG_WARN__DUPLICATE_METHOD_MATCH = YES;
				COPY_PHASE_STRIP = NO;
				DEBUG_INFORMATION_FORMAT = dwarf;
				ENABLE_STRICT_OBJC_MSGSEND = YES;
				ENABLE_TESTABILITY = YES;
				GCC_C_LANGUAGE_STANDARD = gnu11;
				GCC_DYNAMIC_NO_PIC = NO;
				GCC_NO_COMMON_BLOCKS = YES;
				GCC_OPTIMIZATION_LEVEL = 0;
				GCC_PREPROCESSOR_DEFINITIONS = (
					"DEBUG=1",
					"$(inherited)",
				);
				GCC_WARN_64_TO_32_BIT_CONVERSION = YES;
				GCC_WARN_ABOUT_RETURN_TYPE = YES_ERROR;
				GCC_WARN_UNDECLARED_SELECTOR = YES;
				GCC_WARN_UNINITIALIZED_AUTOS = YES_AGGRESSIVE;
				GCC_WARN_UNUSED_FUNCTION = YES;
				GCC_WARN_UNUSED_VARIABLE = YES;
				IPHONEOS_DEPLOYMENT_TARGET = 15.0;
				MTL_ENABLE_DEBUG_INFO = INCLUDE_SOURCE;
				MTL_FAST_MATH = YES;
				ONLY_ACTIVE_ARCH = YES;
				SDKROOT = iphoneos;
				SWIFT_ACTIVE_COMPILATION_CONDITIONS = DEBUG;
				SWIFT_OPTIMIZATION_LEVEL = "-Onone";
			};
			name = Debug;
		};
		4A9765C62748B42B002190C0 /* Release */ = {
			isa = XCBuildConfiguration;
			buildSettings = {
				ALWAYS_SEARCH_USER_PATHS = NO;
				CLANG_ANALYZER_NONNULL = YES;
				CLANG_ANALYZER_NUMBER_OBJECT_CONVERSION = YES_AGGRESSIVE;
				CLANG_CXX_LANGUAGE_STANDARD = "gnu++17";
				CLANG_CXX_LIBRARY = "libc++";
				CLANG_ENABLE_MODULES = YES;
				CLANG_ENABLE_OBJC_ARC = YES;
				CLANG_ENABLE_OBJC_WEAK = YES;
				CLANG_WARN_BLOCK_CAPTURE_AUTORELEASING = YES;
				CLANG_WARN_BOOL_CONVERSION = YES;
				CLANG_WARN_COMMA = YES;
				CLANG_WARN_CONSTANT_CONVERSION = YES;
				CLANG_WARN_DEPRECATED_OBJC_IMPLEMENTATIONS = YES;
				CLANG_WARN_DIRECT_OBJC_ISA_USAGE = YES_ERROR;
				CLANG_WARN_DOCUMENTATION_COMMENTS = YES;
				CLANG_WARN_EMPTY_BODY = YES;
				CLANG_WARN_ENUM_CONVERSION = YES;
				CLANG_WARN_INFINITE_RECURSION = YES;
				CLANG_WARN_INT_CONVERSION = YES;
				CLANG_WARN_NON_LITERAL_NULL_CONVERSION = YES;
				CLANG_WARN_OBJC_IMPLICIT_RETAIN_SELF = YES;
				CLANG_WARN_OBJC_LITERAL_CONVERSION = YES;
				CLANG_WARN_OBJC_ROOT_CLASS = YES_ERROR;
				CLANG_WARN_QUOTED_INCLUDE_IN_FRAMEWORK_HEADER = YES;
				CLANG_WARN_RANGE_LOOP_ANALYSIS = YES;
				CLANG_WARN_STRICT_PROTOTYPES = YES;
				CLANG_WARN_SUSPICIOUS_MOVE = YES;
				CLANG_WARN_UNGUARDED_AVAILABILITY = YES_AGGRESSIVE;
				CLANG_WARN_UNREACHABLE_CODE = YES;
				CLANG_WARN__DUPLICATE_METHOD_MATCH = YES;
				COPY_PHASE_STRIP = NO;
				DEBUG_INFORMATION_FORMAT = "dwarf-with-dsym";
				ENABLE_NS_ASSERTIONS = NO;
				ENABLE_STRICT_OBJC_MSGSEND = YES;
				GCC_C_LANGUAGE_STANDARD = gnu11;
				GCC_NO_COMMON_BLOCKS = YES;
				GCC_WARN_64_TO_32_BIT_CONVERSION = YES;
				GCC_WARN_ABOUT_RETURN_TYPE = YES_ERROR;
				GCC_WARN_UNDECLARED_SELECTOR = YES;
				GCC_WARN_UNINITIALIZED_AUTOS = YES_AGGRESSIVE;
				GCC_WARN_UNUSED_FUNCTION = YES;
				GCC_WARN_UNUSED_VARIABLE = YES;
				IPHONEOS_DEPLOYMENT_TARGET = 15.0;
				MTL_ENABLE_DEBUG_INFO = NO;
				MTL_FAST_MATH = YES;
				SDKROOT = iphoneos;
				SWIFT_COMPILATION_MODE = wholemodule;
				SWIFT_OPTIMIZATION_LEVEL = "-O";
				VALIDATE_PRODUCT = YES;
			};
			name = Release;
		};
		4A9765C82748B42B002190C0 /* Debug */ = {
			isa = XCBuildConfiguration;
			buildSettings = {
				ASSETCATALOG_COMPILER_APPICON_NAME = AppIcon;
				ASSETCATALOG_COMPILER_GLOBAL_ACCENT_COLOR_NAME = AccentColor;
				CODE_SIGN_STYLE = Automatic;
				CURRENT_PROJECT_VERSION = 1;
				DEVELOPMENT_TEAM = SS7U83UJNK;
				GENERATE_INFOPLIST_FILE = YES;
				INFOPLIST_FILE = ExFirestore/Resource/Info.plist;
				INFOPLIST_KEY_UIApplicationSupportsIndirectInputEvents = YES;
				INFOPLIST_KEY_UILaunchStoryboardName = LaunchScreen;
				INFOPLIST_KEY_UISupportedInterfaceOrientations_iPad = "UIInterfaceOrientationPortrait UIInterfaceOrientationPortraitUpsideDown UIInterfaceOrientationLandscapeLeft UIInterfaceOrientationLandscapeRight";
				INFOPLIST_KEY_UISupportedInterfaceOrientations_iPhone = "UIInterfaceOrientationPortrait UIInterfaceOrientationLandscapeLeft UIInterfaceOrientationLandscapeRight";
				LD_RUNPATH_SEARCH_PATHS = (
					"$(inherited)",
					"@executable_path/Frameworks",
				);
				MARKETING_VERSION = 1.0;
				PRODUCT_BUNDLE_IDENTIFIER = com.jake.ExFirestore;
				PRODUCT_NAME = "$(TARGET_NAME)";
				SWIFT_EMIT_LOC_STRINGS = YES;
				SWIFT_VERSION = 5.0;
				TARGETED_DEVICE_FAMILY = "1,2";
			};
			name = Debug;
		};
		4A9765C92748B42B002190C0 /* Release */ = {
			isa = XCBuildConfiguration;
			buildSettings = {
				ASSETCATALOG_COMPILER_APPICON_NAME = AppIcon;
				ASSETCATALOG_COMPILER_GLOBAL_ACCENT_COLOR_NAME = AccentColor;
				CODE_SIGN_STYLE = Automatic;
				CURRENT_PROJECT_VERSION = 1;
				DEVELOPMENT_TEAM = SS7U83UJNK;
				GENERATE_INFOPLIST_FILE = YES;
				INFOPLIST_FILE = ExFirestore/Resource/Info.plist;
				INFOPLIST_KEY_UIApplicationSupportsIndirectInputEvents = YES;
				INFOPLIST_KEY_UILaunchStoryboardName = LaunchScreen;
				INFOPLIST_KEY_UISupportedInterfaceOrientations_iPad = "UIInterfaceOrientationPortrait UIInterfaceOrientationPortraitUpsideDown UIInterfaceOrientationLandscapeLeft UIInterfaceOrientationLandscapeRight";
				INFOPLIST_KEY_UISupportedInterfaceOrientations_iPhone = "UIInterfaceOrientationPortrait UIInterfaceOrientationLandscapeLeft UIInterfaceOrientationLandscapeRight";
				LD_RUNPATH_SEARCH_PATHS = (
					"$(inherited)",
					"@executable_path/Frameworks",
				);
				MARKETING_VERSION = 1.0;
				PRODUCT_BUNDLE_IDENTIFIER = com.jake.ExFirestore;
				PRODUCT_NAME = "$(TARGET_NAME)";
				SWIFT_EMIT_LOC_STRINGS = YES;
				SWIFT_VERSION = 5.0;
				TARGETED_DEVICE_FAMILY = "1,2";
			};
			name = Release;
		};
		4A9765CB2748B42B002190C0 /* Debug */ = {
			isa = XCBuildConfiguration;
			buildSettings = {
				ALWAYS_EMBED_SWIFT_STANDARD_LIBRARIES = YES;
				BUNDLE_LOADER = "$(TEST_HOST)";
				CODE_SIGN_STYLE = Automatic;
				CURRENT_PROJECT_VERSION = 1;
				DEVELOPMENT_TEAM = SS7U83UJNK;
				GENERATE_INFOPLIST_FILE = YES;
				IPHONEOS_DEPLOYMENT_TARGET = 15.0;
				LD_RUNPATH_SEARCH_PATHS = (
					"$(inherited)",
					"@executable_path/Frameworks",
					"@loader_path/Frameworks",
				);
				MARKETING_VERSION = 1.0;
				PRODUCT_BUNDLE_IDENTIFIER = com.jake.ExFirestoreTests;
				PRODUCT_NAME = "$(TARGET_NAME)";
				SWIFT_EMIT_LOC_STRINGS = NO;
				SWIFT_VERSION = 5.0;
				TARGETED_DEVICE_FAMILY = "1,2";
				TEST_HOST = "$(BUILT_PRODUCTS_DIR)/ExFirestore.app/ExFirestore";
			};
			name = Debug;
		};
		4A9765CC2748B42B002190C0 /* Release */ = {
			isa = XCBuildConfiguration;
			buildSettings = {
				ALWAYS_EMBED_SWIFT_STANDARD_LIBRARIES = YES;
				BUNDLE_LOADER = "$(TEST_HOST)";
				CODE_SIGN_STYLE = Automatic;
				CURRENT_PROJECT_VERSION = 1;
				DEVELOPMENT_TEAM = SS7U83UJNK;
				GENERATE_INFOPLIST_FILE = YES;
				IPHONEOS_DEPLOYMENT_TARGET = 15.0;
				LD_RUNPATH_SEARCH_PATHS = (
					"$(inherited)",
					"@executable_path/Frameworks",
					"@loader_path/Frameworks",
				);
				MARKETING_VERSION = 1.0;
				PRODUCT_BUNDLE_IDENTIFIER = com.jake.ExFirestoreTests;
				PRODUCT_NAME = "$(TARGET_NAME)";
				SWIFT_EMIT_LOC_STRINGS = NO;
				SWIFT_VERSION = 5.0;
				TARGETED_DEVICE_FAMILY = "1,2";
				TEST_HOST = "$(BUILT_PRODUCTS_DIR)/ExFirestore.app/ExFirestore";
			};
			name = Release;
		};
		4A9765CE2748B42B002190C0 /* Debug */ = {
			isa = XCBuildConfiguration;
			buildSettings = {
				ALWAYS_EMBED_SWIFT_STANDARD_LIBRARIES = YES;
				CODE_SIGN_STYLE = Automatic;
				CURRENT_PROJECT_VERSION = 1;
				DEVELOPMENT_TEAM = SS7U83UJNK;
				GENERATE_INFOPLIST_FILE = YES;
				LD_RUNPATH_SEARCH_PATHS = (
					"$(inherited)",
					"@executable_path/Frameworks",
					"@loader_path/Frameworks",
				);
				MARKETING_VERSION = 1.0;
				PRODUCT_BUNDLE_IDENTIFIER = com.jake.ExFirestoreUITests;
				PRODUCT_NAME = "$(TARGET_NAME)";
				SWIFT_EMIT_LOC_STRINGS = NO;
				SWIFT_VERSION = 5.0;
				TARGETED_DEVICE_FAMILY = "1,2";
				TEST_TARGET_NAME = ExFirestore;
			};
			name = Debug;
		};
		4A9765CF2748B42B002190C0 /* Release */ = {
			isa = XCBuildConfiguration;
			buildSettings = {
				ALWAYS_EMBED_SWIFT_STANDARD_LIBRARIES = YES;
				CODE_SIGN_STYLE = Automatic;
				CURRENT_PROJECT_VERSION = 1;
				DEVELOPMENT_TEAM = SS7U83UJNK;
				GENERATE_INFOPLIST_FILE = YES;
				LD_RUNPATH_SEARCH_PATHS = (
					"$(inherited)",
					"@executable_path/Frameworks",
					"@loader_path/Frameworks",
				);
				MARKETING_VERSION = 1.0;
				PRODUCT_BUNDLE_IDENTIFIER = com.jake.ExFirestoreUITests;
				PRODUCT_NAME = "$(TARGET_NAME)";
				SWIFT_EMIT_LOC_STRINGS = NO;
				SWIFT_VERSION = 5.0;
				TARGETED_DEVICE_FAMILY = "1,2";
				TEST_TARGET_NAME = ExFirestore;
			};
			name = Release;
		};
/* End XCBuildConfiguration section */

/* Begin XCConfigurationList section */
		4A9765982748B42A002190C0 /* Build configuration list for PBXProject "ExFirestore" */ = {
			isa = XCConfigurationList;
			buildConfigurations = (
				4A9765C52748B42B002190C0 /* Debug */,
				4A9765C62748B42B002190C0 /* Release */,
			);
			defaultConfigurationIsVisible = 0;
			defaultConfigurationName = Release;
		};
		4A9765C72748B42B002190C0 /* Build configuration list for PBXNativeTarget "ExFirestore" */ = {
			isa = XCConfigurationList;
			buildConfigurations = (
				4A9765C82748B42B002190C0 /* Debug */,
				4A9765C92748B42B002190C0 /* Release */,
			);
			defaultConfigurationIsVisible = 0;
			defaultConfigurationName = Release;
		};
		4A9765CA2748B42B002190C0 /* Build configuration list for PBXNativeTarget "ExFirestoreTests" */ = {
			isa = XCConfigurationList;
			buildConfigurations = (
				4A9765CB2748B42B002190C0 /* Debug */,
				4A9765CC2748B42B002190C0 /* Release */,
			);
			defaultConfigurationIsVisible = 0;
			defaultConfigurationName = Release;
		};
		4A9765CD2748B42B002190C0 /* Build configuration list for PBXNativeTarget "ExFirestoreUITests" */ = {
			isa = XCConfigurationList;
			buildConfigurations = (
				4A9765CE2748B42B002190C0 /* Debug */,
				4A9765CF2748B42B002190C0 /* Release */,
			);
			defaultConfigurationIsVisible = 0;
			defaultConfigurationName = Release;
		};
/* End XCConfigurationList section */

/* Begin XCRemoteSwiftPackageReference section */
		4A9765DB2748B66B002190C0 /* XCRemoteSwiftPackageReference "firebase-ios-sdk" */ = {
			isa = XCRemoteSwiftPackageReference;
			repositoryURL = "https://github.com/firebase/firebase-ios-sdk.git";
			requirement = {
				branch = master;
				kind = branch;
			};
		};
/* End XCRemoteSwiftPackageReference section */

/* Begin XCSwiftPackageProductDependency section */
		4A9765DC2748B66B002190C0 /* FirebaseFirestore */ = {
			isa = XCSwiftPackageProductDependency;
			package = 4A9765DB2748B66B002190C0 /* XCRemoteSwiftPackageReference "firebase-ios-sdk" */;
			productName = FirebaseFirestore;
		};
		4A9765DE2748B66B002190C0 /* FirebaseFirestoreSwift-Beta */ = {
			isa = XCSwiftPackageProductDependency;
			package = 4A9765DB2748B66B002190C0 /* XCRemoteSwiftPackageReference "firebase-ios-sdk" */;
			productName = "FirebaseFirestoreSwift-Beta";
		};
/* End XCSwiftPackageProductDependency section */
	};
	rootObject = 4A9765952748B42A002190C0 /* Project object */;
}
